
Microsoft Visual Studio Solution File, Format Version 12.00
# Visual Studio Version 17
VisualStudioVersion = 17.3.32819.101
MinimumVisualStudioVersion = 10.0.40219.1
Project("{FAE04EC0-301F-11D3-BF4B-00C04F79EFBC}") = "Portfolio", "Portfolio\Portfolio.csproj", "{C9788F22-26EB-4F00-83AA-FB4DD7B1AE5C}"
EndProject
Global
	GlobalSection(SolutionConfigurationPlatforms) = preSolution
		Debug|Any CPU = Debug|Any CPU
		Release|Any CPU = Release|Any CPU
	EndGlobalSection
	GlobalSection(ProjectConfigurationPlatforms) = postSolution
		{C9788F22-26EB-4F00-83AA-FB4DD7B1AE5C}.Debug|Any CPU.ActiveCfg = Debug|Any CPU
		{C9788F22-26EB-4F00-83AA-FB4DD7B1AE5C}.Debug|Any CPU.Build.0 = Debug|Any CPU
		{C9788F22-26EB-4F00-83AA-FB4DD7B1AE5C}.Release|Any CPU.ActiveCfg = Release|Any CPU
		{C9788F22-26EB-4F00-83AA-FB4DD7B1AE5C}.Release|Any CPU.Build.0 = Release|Any CPU
	EndGlobalSection
	GlobalSection(SolutionProperties) = preSolution
		HideSolutionNode = FALSE
	EndGlobalSection
	GlobalSection(ExtensibilityGlobals) = postSolution
		SolutionGuid = {3C93BB36-B835-4112-8111-E89DBFA08C56}
	EndGlobalSection
EndGlobal
